{
    "_readme": [
        "This file locks the dependencies of your project to a known state",
        "Read more about it at https://getcomposer.org/doc/01-basic-usage.md#installing-dependencies",
        "This file is @generated automatically"
    ],
    "content-hash": "0aed067b43cfee2a013ab862039bfca7",
    "packages": [
        {
            "name": "nette/neon",
            "version": "v3.4.4",
            "source": {
                "type": "git",
                "url": "https://github.com/nette/neon.git",
                "reference": "3411aa86b104e2d5b7e760da4600865ead963c3c"
            },
            "dist": {
                "type": "zip",
                "url": "https://api.github.com/repos/nette/neon/zipball/3411aa86b104e2d5b7e760da4600865ead963c3c",
                "reference": "3411aa86b104e2d5b7e760da4600865ead963c3c",
                "shasum": ""
            },
            "require": {
                "ext-json": "*",
                "php": "8.0 - 8.4"
            },
            "require-dev": {
                "nette/tester": "^2.4",
                "phpstan/phpstan": "^1.0",
                "tracy/tracy": "^2.7"
            },
            "bin": [
                "bin/neon-lint"
            ],
            "type": "library",
            "extra": {
                "branch-alias": {
                    "dev-master": "3.4-dev"
                }
            },
            "autoload": {
                "classmap": [
                    "src/"
                ]
            },
            "notification-url": "https://packagist.org/downloads/",
            "license": [
                "BSD-3-Clause",
                "GPL-2.0-only",
                "GPL-3.0-only"
            ],
            "authors": [
                {
                    "name": "David Grudl",
                    "homepage": "https://davidgrudl.com"
                },
                {
                    "name": "Nette Community",
                    "homepage": "https://nette.org/contributors"
                }
            ],
            "description": "🍸 Nette NEON: encodes and decodes NEON file format.",
            "homepage": "https://ne-on.org",
            "keywords": [
                "export",
                "import",
                "neon",
                "nette",
                "yaml"
            ],
            "support": {
                "issues": "https://github.com/nette/neon/issues",
                "source": "https://github.com/nette/neon/tree/v3.4.4"
            },
            "time": "2024-10-04T22:00:08+00:00"
        }
    ],
    "packages-dev": [
        {
            "name": "phpstan/phpstan",
            "version": "2.1.8",
            "source": {
                "type": "git",
                "url": "https://github.com/phpstan/phpstan.git",
                "reference": "f9adff3b87c03b12cc7e46a30a524648e497758f"
            },
            "dist": {
                "type": "zip",
                "url": "https://api.github.com/repos/phpstan/phpstan/zipball/f9adff3b87c03b12cc7e46a30a524648e497758f",
                "reference": "f9adff3b87c03b12cc7e46a30a524648e497758f",
                "shasum": ""
            },
            "require": {
                "php": "^7.4|^8.0"
            },
            "conflict": {
                "phpstan/phpstan-shim": "*"
            },
            "bin": [
                "phpstan",
                "phpstan.phar"
            ],
            "type": "library",
            "autoload": {
                "files": [
                    "bootstrap.php"
                ]
            },
            "notification-url": "https://packagist.org/downloads/",
            "license": [
                "MIT"
            ],
            "description": "PHPStan - PHP Static Analysis Tool",
            "keywords": [
                "dev",
                "static analysis"
            ],
            "support": {
                "docs": "https://phpstan.org/user-guide/getting-started",
                "forum": "https://github.com/phpstan/phpstan/discussions",
                "issues": "https://github.com/phpstan/phpstan/issues",
                "security": "https://github.com/phpstan/phpstan/security/policy",
                "source": "https://github.com/phpstan/phpstan-src"
            },
            "funding": [
                {
                    "url": "https://github.com/ondrejmirtes",
                    "type": "github"
                },
                {
                    "url": "https://github.com/phpstan",
                    "type": "github"
                }
            ],
            "time": "2025-03-09T09:30:48+00:00"
        },
        {
            "name": "rector/rector",
            "version": "2.0.10",
            "source": {
                "type": "git",
                "url": "https://github.com/rectorphp/rector.git",
                "reference": "5844a718acb40f40afcd110394270afa55509fd0"
            },
            "dist": {
                "type": "zip",
                "url": "https://api.github.com/repos/rectorphp/rector/zipball/5844a718acb40f40afcd110394270afa55509fd0",
                "reference": "5844a718acb40f40afcd110394270afa55509fd0",
                "shasum": ""
            },
            "require": {
                "php": "^7.4|^8.0",
                "phpstan/phpstan": "^2.1.6"
            },
            "conflict": {
                "rector/rector-doctrine": "*",
                "rector/rector-downgrade-php": "*",
                "rector/rector-phpunit": "*",
                "rector/rector-symfony": "*"
            },
            "suggest": {
                "ext-dom": "To manipulate phpunit.xml via the custom-rule command"
            },
            "bin": [
                "bin/rector"
            ],
            "type": "library",
            "autoload": {
                "files": [
                    "bootstrap.php"
                ]
            },
            "notification-url": "https://packagist.org/downloads/",
            "license": [
                "MIT"
            ],
            "description": "Instant Upgrade and Automated Refactoring of any PHP code",
            "keywords": [
                "automation",
                "dev",
                "migration",
                "refactoring"
            ],
            "support": {
                "issues": "https://github.com/rectorphp/rector/issues",
                "source": "https://github.com/rectorphp/rector/tree/2.0.10"
            },
            "funding": [
                {
                    "url": "https://github.com/tomasvotruba",
                    "type": "github"
                }
            ],
            "time": "2025-03-03T17:35:18+00:00"
        },
        {
            "name": "symplify/easy-coding-standard",
            "version": "12.5.8",
            "source": {
                "type": "git",
                "url": "https://github.com/easy-coding-standard/easy-coding-standard.git",
                "reference": "2bf0e468dc9679f3835c835cd3fd4a25ff6e4e14"
            },
            "dist": {
                "type": "zip",
                "url": "https://api.github.com/repos/easy-coding-standard/easy-coding-standard/zipball/2bf0e468dc9679f3835c835cd3fd4a25ff6e4e14",
                "reference": "2bf0e468dc9679f3835c835cd3fd4a25ff6e4e14",
                "shasum": ""
            },
            "require": {
                "php": ">=7.2"
            },
            "conflict": {
                "friendsofphp/php-cs-fixer": "<3.46",
                "phpcsstandards/php_codesniffer": "<3.8",
                "symplify/coding-standard": "<12.1"
            },
            "suggest": {
                "ext-dom": "Needed to support checkstyle output format in class CheckstyleOutputFormatter"
            },
            "bin": [
                "bin/ecs"
            ],
            "type": "library",
            "autoload": {
                "files": [
                    "bootstrap.php"
                ]
            },
            "notification-url": "https://packagist.org/downloads/",
            "license": [
                "MIT"
            ],
            "description": "Use Coding Standard with 0-knowledge of PHP-CS-Fixer and PHP_CodeSniffer",
            "keywords": [
                "Code style",
                "automation",
                "fixer",
                "static analysis"
            ],
            "support": {
                "issues": "https://github.com/easy-coding-standard/easy-coding-standard/issues",
                "source": "https://github.com/easy-coding-standard/easy-coding-standard/tree/12.5.8"
            },
            "funding": [
                {
                    "url": "https://www.paypal.me/rectorphp",
                    "type": "custom"
                },
                {
                    "url": "https://github.com/tomasvotruba",
                    "type": "github"
                }
            ],
            "time": "2025-01-31T13:59:38+00:00"
        }
    ],
    "aliases": [],
    "minimum-stability": "stable",
    "stability-flags": [],
    "prefer-stable": false,
    "prefer-lowest": false,
    "platform": {
        "php": ">=8.1"
    },
    "platform-dev": [],
    "plugin-api-version": "2.3.0"
}
